
Microsoft Visual Studio Solution File, Format Version 12.00
# Visual Studio Version 17
VisualStudioVersion = 17.8.34511.84
MinimumVisualStudioVersion = 10.0.40219.1
Project("{FAE04EC0-301F-11D3-BF4B-00C04F79EFBC}") = "RestASPNET", "RestASPNET\RestASPNET.csproj", "{FADBC9F7-6842-4E54-9701-A2831E6F1053}"
EndProject
Global
	GlobalSection(SolutionConfigurationPlatforms) = preSolution
		Debug|Any CPU = Debug|Any CPU
		Release|Any CPU = Release|Any CPU
	EndGlobalSection
	GlobalSection(ProjectConfigurationPlatforms) = postSolution
		{FADBC9F7-6842-4E54-9701-A2831E6F1053}.Debug|Any CPU.ActiveCfg = Debug|Any CPU
		{FADBC9F7-6842-4E54-9701-A2831E6F1053}.Debug|Any CPU.Build.0 = Debug|Any CPU
		{FADBC9F7-6842-4E54-9701-A2831E6F1053}.Release|Any CPU.ActiveCfg = Release|Any CPU
		{FADBC9F7-6842-4E54-9701-A2831E6F1053}.Release|Any CPU.Build.0 = Release|Any CPU
	EndGlobalSection
	GlobalSection(SolutionProperties) = preSolution
		HideSolutionNode = FALSE
	EndGlobalSection
	GlobalSection(ExtensibilityGlobals) = postSolution
		SolutionGuid = {ADEEEBBD-37E4-4D76-AA49-B4F7FBA20D5C}
	EndGlobalSection
EndGlobal
